<?xml version="1.0" encoding="utf-8"?>
<Project ToolsVersion="4.0" xmlns="http://schemas.microsoft.com/developer/msbuild/2003">
  <ItemGroup>
    <Filter Include="Source Files">
      <UniqueIdentifier>{4FC737F1-C7A5-4376-A066-2A32D752A2FF}</UniqueIdentifier>
      <Extensions>cpp;c;cc;cxx;def;odl;idl;hpj;bat;asm;asmx</Extensions>
    </Filter>
    <Filter Include="Header Files">
      <UniqueIdentifier>{93995380-89BD-4b04-88EB-625FBE52EBFB}</UniqueIdentifier>
      <Extensions>h;hh;hpp;hxx;hm;inl;inc;xsd</Extensions>
    </Filter>
    <Filter Include="Resource Files">
      <UniqueIdentifier>{67DA6AB6-F800-4c08-8B7A-83BB121AAD01}</UniqueIdentifier>
      <Extensions>rc;ico;cur;bmp;dlg;rc2;rct;bin;rgs;gif;jpg;jpeg;jpe;resx;tiff;tif;png;wav</Extensions>
    </Filter>
  </ItemGroup>
  <ItemGroup>
    <ClCompile Include="api\api_lib.c">
      <Filter>Source Files</Filter>
    </ClCompile>
    <ClCompile Include="api\api_msg.c">
      <Filter>Source Files</Filter>
    </ClCompile>
    <ClCompile Include="api\err.c">
      <Filter>Source Files</Filter>
    </ClCompile>
    <ClCompile Include="api\if_api.c">
      <Filter>Source Files</Filter>
    </ClCompile>
    <ClCompile Include="api\netbuf.c">
      <Filter>Source Files</Filter>
    </ClCompile>
    <ClCompile Include="api\netdb.c">
      <Filter>Source Files</Filter>
    </ClCompile>
    <ClCompile Include="api\netifapi.c">
      <Filter>Source Files</Filter>
    </ClCompile>
    <ClCompile Include="api\sockets.c">
      <Filter>Source Files</Filter>
    </ClCompile>
    <ClCompile Include="api\tcpip.c">
      <Filter>Source Files</Filter>
    </ClCompile>
    <ClCompile Include="core\altcp.c">
      <Filter>Source Files</Filter>
    </ClCompile>
    <ClCompile Include="core\altcp_alloc.c">
      <Filter>Source Files</Filter>
    </ClCompile>
    <ClCompile Include="core\altcp_tcp.c">
      <Filter>Source Files</Filter>
    </ClCompile>
    <ClCompile Include="core\def.c">
      <Filter>Source Files</Filter>
    </ClCompile>
    <ClCompile Include="core\dns.c">
      <Filter>Source Files</Filter>
    </ClCompile>
    <ClCompile Include="core\inet_chksum.c">
      <Filter>Source Files</Filter>
    </ClCompile>
    <ClCompile Include="core\init.c">
      <Filter>Source Files</Filter>
    </ClCompile>
    <ClCompile Include="core\ip.c">
      <Filter>Source Files</Filter>
    </ClCompile>
    <ClCompile Include="core\mem.c">
      <Filter>Source Files</Filter>
    </ClCompile>
    <ClCompile Include="core\memp.c">
      <Filter>Source Files</Filter>
    </ClCompile>
    <ClCompile Include="core\netif.c">
      <Filter>Source Files</Filter>
    </ClCompile>
    <ClCompile Include="core\pbuf.c">
      <Filter>Source Files</Filter>
    </ClCompile>
    <ClCompile Include="core\raw.c">
      <Filter>Source Files</Filter>
    </ClCompile>
    <ClCompile Include="core\stats.c">
      <Filter>Source Files</Filter>
    </ClCompile>
    <ClCompile Include="core\sys.c">
      <Filter>Source Files</Filter>
    </ClCompile>
    <ClCompile Include="core\tcp.c">
      <Filter>Source Files</Filter>
    </ClCompile>
    <ClCompile Include="core\tcp_in.c">
      <Filter>Source Files</Filter>
    </ClCompile>
    <ClCompile Include="core\tcp_out.c">
      <Filter>Source Files</Filter>
    </ClCompile>
    <ClCompile Include="core\timeouts.c">
      <Filter>Source Files</Filter>
    </ClCompile>
    <ClCompile Include="core\udp.c">
      <Filter>Source Files</Filter>
    </ClCompile>
    <ClCompile Include="core\ipv4\autoip.c">
      <Filter>Source Files</Filter>
    </ClCompile>
    <ClCompile Include="core\ipv4\dhcp.c">
      <Filter>Source Files</Filter>
    </ClCompile>
    <ClCompile Include="core\ipv4\etharp.c">
      <Filter>Source Files</Filter>
    </ClCompile>
    <ClCompile Include="core\ipv4\icmp.c">
      <Filter>Source Files</Filter>
    </ClCompile>
    <ClCompile Include="core\ipv4\igmp.c">
      <Filter>Source Files</Filter>
    </ClCompile>
    <ClCompile Include="core\ipv4\ip4.c">
      <Filter>Source Files</Filter>
    </ClCompile>
    <ClCompile Include="core\ipv4\ip4_addr.c">
      <Filter>Source Files</Filter>
    </ClCompile>
    <ClCompile Include="core\ipv4\ip4_frag.c">
      <Filter>Source Files</Filter>
    </ClCompile>
    <ClCompile Include="core\ipv6\dhcp6.c">
      <Filter>Source Files</Filter>
    </ClCompile>
    <ClCompile Include="core\ipv6\ethip6.c">
      <Filter>Source Files</Filter>
    </ClCompile>
    <ClCompile Include="core\ipv6\icmp6.c">
      <Filter>Source Files</Filter>
    </ClCompile>
    <ClCompile Include="core\ipv6\inet6.c">
      <Filter>Source Files</Filter>
    </ClCompile>
    <ClCompile Include="core\ipv6\ip6.c">
      <Filter>Source Files</Filter>
    </ClCompile>
    <ClCompile Include="core\ipv6\ip6_addr.c">
      <Filter>Source Files</Filter>
    </ClCompile>
    <ClCompile Include="core\ipv6\ip6_frag.c">
      <Filter>Source Files</Filter>
    </ClCompile>
    <ClCompile Include="core\ipv6\mld6.c">
      <Filter>Source Files</Filter>
    </ClCompile>
    <ClCompile Include="core\ipv6\nd6.c">
      <Filter>Source Files</Filter>
    </ClCompile>
    <ClCompile Include="sys_arch.c">
      <Filter>Source Files</Filter>
    </ClCompile>
    <ClCompile Include="ethernet.c">
      <Filter>Source Files</Filter>
    </ClCompile>
  </ItemGroup>
  <ItemGroup>
    <ClInclude Include="include\compat\posix\netdb.h">
      <Filter>Header Files</Filter>
    </ClInclude>
    <ClInclude Include="include\compat\posix\arpa\inet.h">
      <Filter>Header Files</Filter>
    </ClInclude>
    <ClInclude Include="include\compat\posix\net\if.h">
      <Filter>Header Files</Filter>
    </ClInclude>
    <ClInclude Include="include\compat\posix\sys\socket.h">
      <Filter>Header Files</Filter>
    </ClInclude>
    <ClInclude Include="include\compat\stdc\errno.h">
      <Filter>Header Files</Filter>
    </ClInclude>
    <ClInclude Include="include\lwip\altcp.h">
      <Filter>Header Files</Filter>
    </ClInclude>
    <ClInclude Include="include\lwip\altcp_tcp.h">
      <Filter>Header Files</Filter>
    </ClInclude>
    <ClInclude Include="include\lwip\altcp_tls.h">
      <Filter>Header Files</Filter>
    </ClInclude>
    <ClInclude Include="include\lwip\api.h">
      <Filter>Header Files</Filter>
    </ClInclude>
    <ClInclude Include="include\lwip\arch.h">
      <Filter>Header Files</Filter>
    </ClInclude>
    <ClInclude Include="include\lwip\autoip.h">
      <Filter>Header Files</Filter>
    </ClInclude>
    <ClInclude Include="include\lwip\debug.h">
      <Filter>Header Files</Filter>
    </ClInclude>
    <ClInclude Include="include\lwip\def.h">
      <Filter>Header Files</Filter>
    </ClInclude>
    <ClInclude Include="include\lwip\dhcp.h">
      <Filter>Header Files</Filter>
    </ClInclude>
    <ClInclude Include="include\lwip\dhcp6.h">
      <Filter>Header Files</Filter>
    </ClInclude>
    <ClInclude Include="include\lwip\dns.h">
      <Filter>Header Files</Filter>
    </ClInclude>
    <ClInclude Include="include\lwip\err.h">
      <Filter>Header Files</Filter>
    </ClInclude>
    <ClInclude Include="include\lwip\errno.h">
      <Filter>Header Files</Filter>
    </ClInclude>
    <ClInclude Include="include\lwip\etharp.h">
      <Filter>Header Files</Filter>
    </ClInclude>
    <ClInclude Include="include\lwip\ethip6.h">
      <Filter>Header Files</Filter>
    </ClInclude>
    <ClInclude Include="include\lwip\icmp.h">
      <Filter>Header Files</Filter>
    </ClInclude>
    <ClInclude Include="include\lwip\icmp6.h">
      <Filter>Header Files</Filter>
    </ClInclude>
    <ClInclude Include="include\lwip\if_api.h">
      <Filter>Header Files</Filter>
    </ClInclude>
    <ClInclude Include="include\lwip\igmp.h">
      <Filter>Header Files</Filter>
    </ClInclude>
    <ClInclude Include="include\lwip\inet.h">
      <Filter>Header Files</Filter>
    </ClInclude>
    <ClInclude Include="include\lwip\inet_chksum.h">
      <Filter>Header Files</Filter>
    </ClInclude>
    <ClInclude Include="include\lwip\init.h">
      <Filter>Header Files</Filter>
    </ClInclude>
    <ClInclude Include="include\lwip\ip.h">
      <Filter>Header Files</Filter>
    </ClInclude>
    <ClInclude Include="include\lwip\ip4.h">
      <Filter>Header Files</Filter>
    </ClInclude>
    <ClInclude Include="include\lwip\ip4_addr.h">
      <Filter>Header Files</Filter>
    </ClInclude>
    <ClInclude Include="include\lwip\ip4_frag.h">
      <Filter>Header Files</Filter>
    </ClInclude>
    <ClInclude Include="include\lwip\ip6.h">
      <Filter>Header Files</Filter>
    </ClInclude>
    <ClInclude Include="include\lwip\ip6_addr.h">
      <Filter>Header Files</Filter>
    </ClInclude>
    <ClInclude Include="include\lwip\ip6_frag.h">
      <Filter>Header Files</Filter>
    </ClInclude>
    <ClInclude Include="include\lwip\ip6_zone.h">
      <Filter>Header Files</Filter>
    </ClInclude>
    <ClInclude Include="include\lwip\ip_addr.h">
      <Filter>Header Files</Filter>
    </ClInclude>
    <ClInclude Include="include\lwip\mem.h">
      <Filter>Header Files</Filter>
    </ClInclude>
    <ClInclude Include="include\lwip\memp.h">
      <Filter>Header Files</Filter>
    </ClInclude>
    <ClInclude Include="include\lwip\mld6.h">
      <Filter>Header Files</Filter>
    </ClInclude>
    <ClInclude Include="include\lwip\nd6.h">
      <Filter>Header Files</Filter>
    </ClInclude>
    <ClInclude Include="include\lwip\netbuf.h">
      <Filter>Header Files</Filter>
    </ClInclude>
    <ClInclude Include="include\lwip\netdb.h">
      <Filter>Header Files</Filter>
    </ClInclude>
    <ClInclude Include="include\lwip\netif.h">
      <Filter>Header Files</Filter>
    </ClInclude>
    <ClInclude Include="include\lwip\netifapi.h">
      <Filter>Header Files</Filter>
    </ClInclude>
    <ClInclude Include="include\lwip\opt.h">
      <Filter>Header Files</Filter>
    </ClInclude>
    <ClInclude Include="include\lwip\pbuf.h">
      <Filter>Header Files</Filter>
    </ClInclude>
    <ClInclude Include="include\lwip\raw.h">
      <Filter>Header Files</Filter>
    </ClInclude>
    <ClInclude Include="include\lwip\sio.h">
      <Filter>Header Files</Filter>
    </ClInclude>
    <ClInclude Include="include\lwip\snmp.h">
      <Filter>Header Files</Filter>
    </ClInclude>
    <ClInclude Include="include\lwip\sockets.h">
      <Filter>Header Files</Filter>
    </ClInclude>
    <ClInclude Include="include\lwip\stats.h">
      <Filter>Header Files</Filter>
    </ClInclude>
    <ClInclude Include="include\lwip\sys.h">
      <Filter>Header Files</Filter>
    </ClInclude>
    <ClInclude Include="include\lwip\tcp.h">
      <Filter>Header Files</Filter>
    </ClInclude>
    <ClInclude Include="include\lwip\tcpbase.h">
      <Filter>Header Files</Filter>
    </ClInclude>
    <ClInclude Include="include\lwip\tcpip.h">
      <Filter>Header Files</Filter>
    </ClInclude>
    <ClInclude Include="include\lwip\timeouts.h">
      <Filter>Header Files</Filter>
    </ClInclude>
    <ClInclude Include="include\lwip\udp.h">
      <Filter>Header Files</Filter>
    </ClInclude>
    <ClInclude Include="include\lwip\apps\altcp_proxyconnect.h">
      <Filter>Header Files</Filter>
    </ClInclude>
    <ClInclude Include="include\lwip\apps\altcp_tls_mbedtls_opts.h">
      <Filter>Header Files</Filter>
    </ClInclude>
    <ClInclude Include="include\lwip\apps\fs.h">
      <Filter>Header Files</Filter>
    </ClInclude>
    <ClInclude Include="include\lwip\apps\httpd.h">
      <Filter>Header Files</Filter>
    </ClInclude>
    <ClInclude Include="include\lwip\apps\httpd_opts.h">
      <Filter>Header Files</Filter>
    </ClInclude>
    <ClInclude Include="include\lwip\apps\http_client.h">
      <Filter>Header Files</Filter>
    </ClInclude>
    <ClInclude Include="include\lwip\apps\lwiperf.h">
      <Filter>Header Files</Filter>
    </ClInclude>
    <ClInclude Include="include\lwip\apps\mdns.h">
      <Filter>Header Files</Filter>
    </ClInclude>
    <ClInclude Include="include\lwip\apps\mdns_opts.h">
      <Filter>Header Files</Filter>
    </ClInclude>
    <ClInclude Include="include\lwip\apps\mdns_priv.h">
      <Filter>Header Files</Filter>
    </ClInclude>
    <ClInclude Include="include\lwip\apps\mqtt.h">
      <Filter>Header Files</Filter>
    </ClInclude>
    <ClInclude Include="include\lwip\apps\mqtt_opts.h">
      <Filter>Header Files</Filter>
    </ClInclude>
    <ClInclude Include="include\lwip\apps\mqtt_priv.h">
      <Filter>Header Files</Filter>
    </ClInclude>
    <ClInclude Include="include\lwip\apps\netbiosns.h">
      <Filter>Header Files</Filter>
    </ClInclude>
    <ClInclude Include="include\lwip\apps\netbiosns_opts.h">
      <Filter>Header Files</Filter>
    </ClInclude>
    <ClInclude Include="include\lwip\apps\smtp.h">
      <Filter>Header Files</Filter>
    </ClInclude>
    <ClInclude Include="include\lwip\apps\smtp_opts.h">
      <Filter>Header Files</Filter>
    </ClInclude>
    <ClInclude Include="include\lwip\apps\snmp.h">
      <Filter>Header Files</Filter>
    </ClInclude>
    <ClInclude Include="include\lwip\apps\snmpv3.h">
      <Filter>Header Files</Filter>
    </ClInclude>
    <ClInclude Include="include\lwip\apps\snmp_core.h">
      <Filter>Header Files</Filter>
    </ClInclude>
    <ClInclude Include="include\lwip\apps\snmp_mib2.h">
      <Filter>Header Files</Filter>
    </ClInclude>
    <ClInclude Include="include\lwip\apps\snmp_opts.h">
      <Filter>Header Files</Filter>
    </ClInclude>
    <ClInclude Include="include\lwip\apps\snmp_scalar.h">
      <Filter>Header Files</Filter>
    </ClInclude>
    <ClInclude Include="include\lwip\apps\snmp_snmpv2_framework.h">
      <Filter>Header Files</Filter>
    </ClInclude>
    <ClInclude Include="include\lwip\apps\snmp_snmpv2_usm.h">
      <Filter>Header Files</Filter>
    </ClInclude>
    <ClInclude Include="include\lwip\apps\snmp_table.h">
      <Filter>Header Files</Filter>
    </ClInclude>
    <ClInclude Include="include\lwip\apps\snmp_threadsync.h">
      <Filter>Header Files</Filter>
    </ClInclude>
    <ClInclude Include="include\lwip\apps\sntp.h">
      <Filter>Header Files</Filter>
    </ClInclude>
    <ClInclude Include="include\lwip\apps\sntp_opts.h">
      <Filter>Header Files</Filter>
    </ClInclude>
    <ClInclude Include="include\lwip\apps\tftp_opts.h">
      <Filter>Header Files</Filter>
    </ClInclude>
    <ClInclude Include="include\lwip\apps\tftp_server.h">
      <Filter>Header Files</Filter>
    </ClInclude>
    <ClInclude Include="include\lwip\priv\altcp_priv.h">
      <Filter>Header Files</Filter>
    </ClInclude>
    <ClInclude Include="include\lwip\priv\api_msg.h">
      <Filter>Header Files</Filter>
    </ClInclude>
    <ClInclude Include="include\lwip\priv\memp_priv.h">
      <Filter>Header Files</Filter>
    </ClInclude>
    <ClInclude Include="include\lwip\priv\memp_std.h">
      <Filter>Header Files</Filter>
    </ClInclude>
    <ClInclude Include="include\lwip\priv\mem_priv.h">
      <Filter>Header Files</Filter>
    </ClInclude>
    <ClInclude Include="include\lwip\priv\nd6_priv.h">
      <Filter>Header Files</Filter>
    </ClInclude>
    <ClInclude Include="include\lwip\priv\raw_priv.h">
      <Filter>Header Files</Filter>
    </ClInclude>
    <ClInclude Include="include\lwip\priv\sockets_priv.h">
      <Filter>Header Files</Filter>
    </ClInclude>
    <ClInclude Include="include\lwip\priv\tcpip_priv.h">
      <Filter>Header Files</Filter>
    </ClInclude>
    <ClInclude Include="include\lwip\priv\tcp_priv.h">
      <Filter>Header Files</Filter>
    </ClInclude>
    <ClInclude Include="include\lwip\prot\autoip.h">
      <Filter>Header Files</Filter>
    </ClInclude>
    <ClInclude Include="include\lwip\prot\dhcp.h">
      <Filter>Header Files</Filter>
    </ClInclude>
    <ClInclude Include="include\lwip\prot\dhcp6.h">
      <Filter>Header Files</Filter>
    </ClInclude>
    <ClInclude Include="include\lwip\prot\dns.h">
      <Filter>Header Files</Filter>
    </ClInclude>
    <ClInclude Include="include\lwip\prot\etharp.h">
      <Filter>Header Files</Filter>
    </ClInclude>
    <ClInclude Include="include\lwip\prot\ethernet.h">
      <Filter>Header Files</Filter>
    </ClInclude>
    <ClInclude Include="include\lwip\prot\iana.h">
      <Filter>Header Files</Filter>
    </ClInclude>
    <ClInclude Include="include\lwip\prot\icmp.h">
      <Filter>Header Files</Filter>
    </ClInclude>
    <ClInclude Include="include\lwip\prot\icmp6.h">
      <Filter>Header Files</Filter>
    </ClInclude>
    <ClInclude Include="include\lwip\prot\ieee.h">
      <Filter>Header Files</Filter>
    </ClInclude>
    <ClInclude Include="include\lwip\prot\igmp.h">
      <Filter>Header Files</Filter>
    </ClInclude>
    <ClInclude Include="include\lwip\prot\ip.h">
      <Filter>Header Files</Filter>
    </ClInclude>
    <ClInclude Include="include\lwip\prot\ip4.h">
      <Filter>Header Files</Filter>
    </ClInclude>
    <ClInclude Include="include\lwip\prot\ip6.h">
      <Filter>Header Files</Filter>
    </ClInclude>
    <ClInclude Include="include\lwip\prot\mld6.h">
      <Filter>Header Files</Filter>
    </ClInclude>
    <ClInclude Include="include\lwip\prot\nd6.h">
      <Filter>Header Files</Filter>
    </ClInclude>
    <ClInclude Include="include\lwip\prot\tcp.h">
      <Filter>Header Files</Filter>
    </ClInclude>
    <ClInclude Include="include\lwip\prot\udp.h">
      <Filter>Header Files</Filter>
    </ClInclude>
    <ClInclude Include="include\netif\bridgeif.h">
      <Filter>Header Files</Filter>
    </ClInclude>
    <ClInclude Include="include\netif\bridgeif_opts.h">
      <Filter>Header Files</Filter>
    </ClInclude>
    <ClInclude Include="include\netif\etharp.h">
      <Filter>Header Files</Filter>
    </ClInclude>
    <ClInclude Include="include\netif\ethernet.h">
      <Filter>Header Files</Filter>
    </ClInclude>
    <ClInclude Include="include\netif\ieee802154.h">
      <Filter>Header Files</Filter>
    </ClInclude>
    <ClInclude Include="include\netif\lowpan6.h">
      <Filter>Header Files</Filter>
    </ClInclude>
    <ClInclude Include="include\netif\lowpan6_ble.h">
      <Filter>Header Files</Filter>
    </ClInclude>
    <ClInclude Include="include\netif\lowpan6_common.h">
      <Filter>Header Files</Filter>
    </ClInclude>
    <ClInclude Include="include\netif\lowpan6_opts.h">
      <Filter>Header Files</Filter>
    </ClInclude>
    <ClInclude Include="include\netif\slipif.h">
      <Filter>Header Files</Filter>
    </ClInclude>
    <ClInclude Include="include\netif\zepif.h">
      <Filter>Header Files</Filter>
    </ClInclude>
    <ClInclude Include="include\netif\ppp\ccp.h">
      <Filter>Header Files</Filter>
    </ClInclude>
    <ClInclude Include="include\netif\ppp\chap-md5.h">
      <Filter>Header Files</Filter>
    </ClInclude>
    <ClInclude Include="include\netif\ppp\chap-new.h">
      <Filter>Header Files</Filter>
    </ClInclude>
    <ClInclude Include="include\netif\ppp\chap_ms.h">
      <Filter>Header Files</Filter>
    </ClInclude>
    <ClInclude Include="include\netif\ppp\eap.h">
      <Filter>Header Files</Filter>
    </ClInclude>
    <ClInclude Include="include\netif\ppp\ecp.h">
      <Filter>Header Files</Filter>
    </ClInclude>
    <ClInclude Include="include\netif\ppp\eui64.h">
      <Filter>Header Files</Filter>
    </ClInclude>
    <ClInclude Include="include\netif\ppp\fsm.h">
      <Filter>Header Files</Filter>
    </ClInclude>
    <ClInclude Include="include\netif\ppp\ipcp.h">
      <Filter>Header Files</Filter>
    </ClInclude>
    <ClInclude Include="include\netif\ppp\ipv6cp.h">
      <Filter>Header Files</Filter>
    </ClInclude>
    <ClInclude Include="include\netif\ppp\lcp.h">
      <Filter>Header Files</Filter>
    </ClInclude>
    <ClInclude Include="include\netif\ppp\magic.h">
      <Filter>Header Files</Filter>
    </ClInclude>
    <ClInclude Include="include\netif\ppp\mppe.h">
      <Filter>Header Files</Filter>
    </ClInclude>
    <ClInclude Include="include\netif\ppp\ppp.h">
      <Filter>Header Files</Filter>
    </ClInclude>
    <ClInclude Include="include\netif\ppp\pppapi.h">
      <Filter>Header Files</Filter>
    </ClInclude>
    <ClInclude Include="include\netif\ppp\pppcrypt.h">
      <Filter>Header Files</Filter>
    </ClInclude>
    <ClInclude Include="include\netif\ppp\pppdebug.h">
      <Filter>Header Files</Filter>
    </ClInclude>
    <ClInclude Include="include\netif\ppp\pppoe.h">
      <Filter>Header Files</Filter>
    </ClInclude>
    <ClInclude Include="include\netif\ppp\pppol2tp.h">
      <Filter>Header Files</Filter>
    </ClInclude>
    <ClInclude Include="include\netif\ppp\pppos.h">
      <Filter>Header Files</Filter>
    </ClInclude>
    <ClInclude Include="include\netif\ppp\ppp_impl.h">
      <Filter>Header Files</Filter>
    </ClInclude>
    <ClInclude Include="include\netif\ppp\ppp_opts.h">
      <Filter>Header Files</Filter>
    </ClInclude>
    <ClInclude Include="include\netif\ppp\upap.h">
      <Filter>Header Files</Filter>
    </ClInclude>
    <ClInclude Include="include\netif\ppp\vj.h">
      <Filter>Header Files</Filter>
    </ClInclude>
    <ClInclude Include="include\netif\ppp\polarssl\arc4.h">
      <Filter>Header Files</Filter>
    </ClInclude>
    <ClInclude Include="include\netif\ppp\polarssl\des.h">
      <Filter>Header Files</Filter>
    </ClInclude>
    <ClInclude Include="include\netif\ppp\polarssl\md4.h">
      <Filter>Header Files</Filter>
    </ClInclude>
    <ClInclude Include="include\netif\ppp\polarssl\md5.h">
      <Filter>Header Files</Filter>
    </ClInclude>
    <ClInclude Include="include\netif\ppp\polarssl\sha1.h">
      <Filter>Header Files</Filter>
    </ClInclude>
    <ClInclude Include="include\arch\cc.h">
      <Filter>Header Files</Filter>
    </ClInclude>
    <ClInclude Include="include\arch\lwipopts.h">
      <Filter>Header Files</Filter>
    </ClInclude>
    <ClInclude Include="include\arch\sys_arch.h">
      <Filter>Header Files</Filter>
    </ClInclude>
  </ItemGroup>
</Project>