<?xml version="1.0" encoding="utf-8"?>
<Project ToolsVersion="4.0" xmlns="http://schemas.microsoft.com/developer/msbuild/2003">
  <ItemGroup>
    <Filter Include="Source Files">
      <UniqueIdentifier>{4FC737F1-C7A5-4376-A066-2A32D752A2FF}</UniqueIdentifier>
      <Extensions>cpp;c;cc;cxx;def;odl;idl;hpj;bat;asm;asmx</Extensions>
    </Filter>
    <Filter Include="Header Files">
      <UniqueIdentifier>{93995380-89BD-4b04-88EB-625FBE52EBFB}</UniqueIdentifier>
      <Extensions>h;hh;hpp;hxx;hm;inl;inc;xsd</Extensions>
    </Filter>
    <Filter Include="Resource Files">
      <UniqueIdentifier>{67DA6AB6-F800-4c08-8B7A-83BB121AAD01}</UniqueIdentifier>
      <Extensions>rc;ico;cur;bmp;dlg;rc2;rct;bin;rgs;gif;jpg;jpeg;jpe;resx;tiff;tif;png;wav;mfcribbon-ms</Extensions>
    </Filter>
    <Filter Include="arch">
      <UniqueIdentifier>{787e33ac-d78b-4e08-a489-67f2247f5340}</UniqueIdentifier>
    </Filter>
    <Filter Include="arch\i386">
      <UniqueIdentifier>{1889ee6f-5d17-4b22-aebe-6ad0c3a5e0c7}</UniqueIdentifier>
    </Filter>
    <Filter Include="arch\x64">
      <UniqueIdentifier>{fb0ad53f-acbf-4a17-9f0d-d8c6ef40e944}</UniqueIdentifier>
    </Filter>
    <Filter Include="arch\i386\mmngr">
      <UniqueIdentifier>{8b2f23c1-ed97-4f6c-9d14-c468dc27add5}</UniqueIdentifier>
    </Filter>
    <Filter Include="arch\x64\mmngr">
      <UniqueIdentifier>{2acceb64-4198-4419-aba9-df12be233658}</UniqueIdentifier>
    </Filter>
  </ItemGroup>
  <ItemGroup>
    <ClCompile Include="entry.cpp">
      <Filter>Source Files</Filter>
    </ClCompile>
    <ClCompile Include="gnuc.cpp">
      <Filter>Source Files</Filter>
    </ClCompile>
    <ClCompile Include="arch\i386\basicpagingx86.cpp">
      <Filter>arch\i386</Filter>
    </ClCompile>
    <ClCompile Include="arch\x64\basicpagingx64.cpp">
      <Filter>arch\x64</Filter>
    </ClCompile>
    <ClCompile Include="arch\i386\basicsegmentationx86.cpp">
      <Filter>arch\i386</Filter>
    </ClCompile>
    <ClCompile Include="arch\x64\basicsegmentationx64.cpp">
      <Filter>arch\x64</Filter>
    </ClCompile>
    <ClCompile Include="arch\basicphyscopy.cpp">
      <Filter>arch</Filter>
    </ClCompile>
    <ClCompile Include="arch\pmmngr.h">
      <Filter>arch</Filter>
    </ClCompile>
    <ClCompile Include="arch\i386\pmmngr.cpp">
      <Filter>arch\i386\mmngr</Filter>
    </ClCompile>
    <ClCompile Include="msvc.cpp">
      <Filter>Source Files</Filter>
    </ClCompile>
    <ClCompile Include="arch\x64\pmmngr.cpp">
      <Filter>arch\x64\mmngr</Filter>
    </ClCompile>
  </ItemGroup>
  <ItemGroup>
    <ClInclude Include="..\Include\msvc.h">
      <Filter>Header Files</Filter>
    </ClInclude>
    <ClInclude Include="..\Include\compiler.h">
      <Filter>Header Files</Filter>
    </ClInclude>
    <ClInclude Include="..\Include\gnuc.h">
      <Filter>Header Files</Filter>
    </ClInclude>
    <ClInclude Include="stdafx.h">
      <Filter>Header Files</Filter>
    </ClInclude>
    <ClInclude Include="..\Include\multiboot.h">
      <Filter>Header Files</Filter>
    </ClInclude>
    <ClInclude Include="..\Include\address.h">
      <Filter>Header Files</Filter>
    </ClInclude>
    <ClInclude Include="..\Include\registers.h">
      <Filter>Header Files</Filter>
    </ClInclude>
    <ClInclude Include="arch\i386\pagingdefs.h">
      <Filter>arch\i386</Filter>
    </ClInclude>
    <ClInclude Include="arch\x64\pagingdefs.h">
      <Filter>arch\x64</Filter>
    </ClInclude>
    <ClInclude Include="arch\basicpaging.h">
      <Filter>arch</Filter>
    </ClInclude>
    <ClInclude Include="arch\basicphyscopy.h">
      <Filter>arch</Filter>
    </ClInclude>
    <ClInclude Include="arch\basicsegmentation.h">
      <Filter>arch</Filter>
    </ClInclude>
    <ClInclude Include="arch\stack.h">
      <Filter>arch</Filter>
    </ClInclude>
    <ClInclude Include="CHAIKRNL.h">
      <Filter>Header Files</Filter>
    </ClInclude>
    <ClInclude Include="memory.h">
      <Filter>arch</Filter>
    </ClInclude>
  </ItemGroup>
  <ItemGroup>
    <NASM Include="arch\x64\stack.asm">
      <Filter>arch\x64</Filter>
    </NASM>
    <NASM Include="arch\i386\stack.asm">
      <Filter>arch\i386</Filter>
    </NASM>
    <NASM Include="arch\x64\bootstrap\x64bootstrap.asm">
      <Filter>arch\x64</Filter>
    </NASM>
  </ItemGroup>
  <ItemGroup>
    <None Include="ChaiOS.licenseheader" />
  </ItemGroup>
</Project>