<?xml version="1.0" encoding="utf-8"?>
<Project ToolsVersion="4.0" xmlns="http://schemas.microsoft.com/developer/msbuild/2003">
  <ItemGroup>
    <Filter Include="Source Files">
      <UniqueIdentifier>{4FC737F1-C7A5-4376-A066-2A32D752A2FF}</UniqueIdentifier>
      <Extensions>cpp;c;cc;cxx;def;odl;idl;hpj;bat;asm;asmx</Extensions>
    </Filter>
    <Filter Include="Header Files">
      <UniqueIdentifier>{93995380-89BD-4b04-88EB-625FBE52EBFB}</UniqueIdentifier>
      <Extensions>h;hh;hpp;hxx;hm;inl;inc;xsd</Extensions>
    </Filter>
    <Filter Include="Resource Files">
      <UniqueIdentifier>{67DA6AB6-F800-4c08-8B7A-83BB121AAD01}</UniqueIdentifier>
      <Extensions>rc;ico;cur;bmp;dlg;rc2;rct;bin;rgs;gif;jpg;jpeg;jpe;resx;tiff;tif;png;wav;mfcribbon-ms</Extensions>
    </Filter>
    <Filter Include="arch">
      <UniqueIdentifier>{3f0a2238-d50a-4cb0-895d-540143673358}</UniqueIdentifier>
    </Filter>
    <Filter Include="arch\x64">
      <UniqueIdentifier>{0c681a5e-d29a-41d1-be58-e54a362dacdf}</UniqueIdentifier>
    </Filter>
    <Filter Include="arch\x86">
      <UniqueIdentifier>{1a1747f9-bead-4d9a-8d5b-8464390d93e7}</UniqueIdentifier>
    </Filter>
  </ItemGroup>
  <ItemGroup>
    <ClCompile Include="kentry.cpp">
      <Filter>Source Files</Filter>
    </ClCompile>
    <ClCompile Include="arch\x64\cpu_x64.cpp">
      <Filter>arch\x64</Filter>
    </ClCompile>
    <ClCompile Include="kgraphics.cpp">
      <Filter>Source Files</Filter>
    </ClCompile>
    <ClCompile Include="uefihelper.cpp">
      <Filter>Source Files</Filter>
    </ClCompile>
    <ClCompile Include="acpihelp.cpp">
      <Filter>Source Files</Filter>
    </ClCompile>
    <ClCompile Include="spinlock.cpp">
      <Filter>Source Files</Filter>
    </ClCompile>
    <ClCompile Include="pmmngr.cpp">
      <Filter>Source Files</Filter>
    </ClCompile>
    <ClCompile Include="arch\paging_x64.cpp">
      <Filter>arch\x64</Filter>
    </ClCompile>
    <ClCompile Include="multiprocessor.cpp">
      <Filter>Source Files</Filter>
    </ClCompile>
    <ClCompile Include="kdraw.cpp">
      <Filter>Source Files</Filter>
    </ClCompile>
    <ClCompile Include="arch\x64\apic.cpp">
      <Filter>arch\x64</Filter>
    </ClCompile>
    <ClCompile Include="pciexpress.cpp">
      <Filter>Source Files</Filter>
    </ClCompile>
    <ClCompile Include="scheduler.cpp">
      <Filter>Source Files</Filter>
    </ClCompile>
  </ItemGroup>
  <ItemGroup>
    <ClInclude Include="..\Include\kernelinfo.h">
      <Filter>Header Files</Filter>
    </ClInclude>
    <ClInclude Include="..\Include\kgraphics.h">
      <Filter>Header Files</Filter>
    </ClInclude>
    <ClInclude Include="uefihelper.h">
      <Filter>Header Files</Filter>
    </ClInclude>
    <ClInclude Include="acpihelp.h">
      <Filter>Header Files</Filter>
    </ClInclude>
    <ClInclude Include="pmmngr.h">
      <Filter>Header Files</Filter>
    </ClInclude>
    <ClInclude Include="arch\paging.h">
      <Filter>arch</Filter>
    </ClInclude>
    <ClInclude Include="multiprocessor.h">
      <Filter>Header Files</Filter>
    </ClInclude>
    <ClInclude Include="redblack.h">
      <Filter>Header Files</Filter>
    </ClInclude>
    <ClInclude Include="kdraw.h">
      <Filter>Header Files</Filter>
    </ClInclude>
    <ClInclude Include="asciifont.h">
      <Filter>Header Files</Filter>
    </ClInclude>
    <ClInclude Include="arch\x64\apic.h">
      <Filter>arch\x64</Filter>
    </ClInclude>
    <ClInclude Include="pciexpress.h">
      <Filter>Header Files</Filter>
    </ClInclude>
    <ClInclude Include="..\Include\spinlock.h">
      <Filter>Header Files</Filter>
    </ClInclude>
    <ClInclude Include="..\Include\chaikrnl.h">
      <Filter>Header Files</Filter>
    </ClInclude>
    <ClInclude Include="..\Include\arch\cpu.h">
      <Filter>arch</Filter>
    </ClInclude>
    <ClInclude Include="scheduler.h">
      <Filter>Header Files</Filter>
    </ClInclude>
  </ItemGroup>
  <ItemGroup>
    <NASM Include="arch\x64\asm_x64.asm">
      <Filter>arch\x64</Filter>
    </NASM>
    <NASM Include="arch\x64\interrupts_x64.asm">
      <Filter>arch\x64</Filter>
    </NASM>
  </ItemGroup>
</Project>